
Microsoft Visual Studio Solution File, Format Version 12.00
# Visual Studio Version 17
VisualStudioVersion = 17.4.33403.182
MinimumVisualStudioVersion = 10.0.40219.1
Project("{FAE04EC0-301F-11D3-BF4B-00C04F79EFBC}") = "CalculatorApplication", "CalculatorApplication\CalculatorApplication.csproj", "{A2B673C7-24A1-472C-89A8-17EEF6AF6E54}"
EndProject
Global
	GlobalSection(SolutionConfigurationPlatforms) = preSolution
		Debug|Any CPU = Debug|Any CPU
		Release|Any CPU = Release|Any CPU
	EndGlobalSection
	GlobalSection(ProjectConfigurationPlatforms) = postSolution
		{A2B673C7-24A1-472C-89A8-17EEF6AF6E54}.Debug|Any CPU.ActiveCfg = Debug|Any CPU
		{A2B673C7-24A1-472C-89A8-17EEF6AF6E54}.Debug|Any CPU.Build.0 = Debug|Any CPU
		{A2B673C7-24A1-472C-89A8-17EEF6AF6E54}.Release|Any CPU.ActiveCfg = Release|Any CPU
		{A2B673C7-24A1-472C-89A8-17EEF6AF6E54}.Release|Any CPU.Build.0 = Release|Any CPU
	EndGlobalSection
	GlobalSection(SolutionProperties) = preSolution
		HideSolutionNode = FALSE
	EndGlobalSection
	GlobalSection(ExtensibilityGlobals) = postSolution
		SolutionGuid = {87C86094-32BC-47D9-A9B7-448B50F51D68}
	EndGlobalSection
EndGlobal
