
Microsoft Visual Studio Solution File, Format Version 12.00
# Visual Studio Version 17
VisualStudioVersion = 17.4.33403.182
MinimumVisualStudioVersion = 10.0.40219.1
Project("{FAE04EC0-301F-11D3-BF4B-00C04F79EFBC}") = "07_Activity_1", "07_Activity_1\07_Activity_1.csproj", "{C84A9C1B-AC47-42D1-BA17-DAB68426F0A1}"
EndProject
Global
	GlobalSection(SolutionConfigurationPlatforms) = preSolution
		Debug|Any CPU = Debug|Any CPU
		Release|Any CPU = Release|Any CPU
	EndGlobalSection
	GlobalSection(ProjectConfigurationPlatforms) = postSolution
		{C84A9C1B-AC47-42D1-BA17-DAB68426F0A1}.Debug|Any CPU.ActiveCfg = Debug|Any CPU
		{C84A9C1B-AC47-42D1-BA17-DAB68426F0A1}.Debug|Any CPU.Build.0 = Debug|Any CPU
		{C84A9C1B-AC47-42D1-BA17-DAB68426F0A1}.Release|Any CPU.ActiveCfg = Release|Any CPU
		{C84A9C1B-AC47-42D1-BA17-DAB68426F0A1}.Release|Any CPU.Build.0 = Release|Any CPU
	EndGlobalSection
	GlobalSection(SolutionProperties) = preSolution
		HideSolutionNode = FALSE
	EndGlobalSection
	GlobalSection(ExtensibilityGlobals) = postSolution
		SolutionGuid = {49481045-E723-494E-B59F-A5631C14A582}
	EndGlobalSection
EndGlobal
