
Microsoft Visual Studio Solution File, Format Version 12.00
# Visual Studio Version 17
VisualStudioVersion = 17.4.33403.182
MinimumVisualStudioVersion = 10.0.40219.1
Project("{FAE04EC0-301F-11D3-BF4B-00C04F79EFBC}") = "EmployeeApplication", "EmployeeApplication\EmployeeApplication.csproj", "{92A40425-F0BB-46B3-9B79-417DA1C96BA1}"
EndProject
Global
	GlobalSection(SolutionConfigurationPlatforms) = preSolution
		Debug|Any CPU = Debug|Any CPU
		Release|Any CPU = Release|Any CPU
	EndGlobalSection
	GlobalSection(ProjectConfigurationPlatforms) = postSolution
		{92A40425-F0BB-46B3-9B79-417DA1C96BA1}.Debug|Any CPU.ActiveCfg = Debug|Any CPU
		{92A40425-F0BB-46B3-9B79-417DA1C96BA1}.Debug|Any CPU.Build.0 = Debug|Any CPU
		{92A40425-F0BB-46B3-9B79-417DA1C96BA1}.Release|Any CPU.ActiveCfg = Release|Any CPU
		{92A40425-F0BB-46B3-9B79-417DA1C96BA1}.Release|Any CPU.Build.0 = Release|Any CPU
	EndGlobalSection
	GlobalSection(SolutionProperties) = preSolution
		HideSolutionNode = FALSE
	EndGlobalSection
	GlobalSection(ExtensibilityGlobals) = postSolution
		SolutionGuid = {ACD5EC6E-CD24-48A0-8AF4-B62A649A7DD6}
	EndGlobalSection
EndGlobal
