
Microsoft Visual Studio Solution File, Format Version 12.00
# Visual Studio Version 17
VisualStudioVersion = 17.4.33403.182
MinimumVisualStudioVersion = 10.0.40219.1
Project("{FAE04EC0-301F-11D3-BF4B-00C04F79EFBC}") = "Reservation_Serrano_Brian", "Reservation_Serrano_Brian\Reservation_Serrano_Brian.csproj", "{377CC9A4-7576-4FDF-9066-961222CAF51E}"
EndProject
Global
	GlobalSection(SolutionConfigurationPlatforms) = preSolution
		Debug|Any CPU = Debug|Any CPU
		Release|Any CPU = Release|Any CPU
	EndGlobalSection
	GlobalSection(ProjectConfigurationPlatforms) = postSolution
		{377CC9A4-7576-4FDF-9066-961222CAF51E}.Debug|Any CPU.ActiveCfg = Debug|Any CPU
		{377CC9A4-7576-4FDF-9066-961222CAF51E}.Debug|Any CPU.Build.0 = Debug|Any CPU
		{377CC9A4-7576-4FDF-9066-961222CAF51E}.Release|Any CPU.ActiveCfg = Release|Any CPU
		{377CC9A4-7576-4FDF-9066-961222CAF51E}.Release|Any CPU.Build.0 = Release|Any CPU
	EndGlobalSection
	GlobalSection(SolutionProperties) = preSolution
		HideSolutionNode = FALSE
	EndGlobalSection
	GlobalSection(ExtensibilityGlobals) = postSolution
		SolutionGuid = {AF7448E2-8BCA-4A8D-B855-126CFEB6D5D4}
	EndGlobalSection
EndGlobal
