
Microsoft Visual Studio Solution File, Format Version 12.00
# Visual Studio Version 17
VisualStudioVersion = 17.4.33403.182
MinimumVisualStudioVersion = 10.0.40219.1
Project("{FAE04EC0-301F-11D3-BF4B-00C04F79EFBC}") = "ComputeAverageApp", "ComputeAverageApp\ComputeAverageApp.csproj", "{C682B6D1-8071-403C-A3C0-FEAF1BE9FC1A}"
EndProject
Global
	GlobalSection(SolutionConfigurationPlatforms) = preSolution
		Debug|Any CPU = Debug|Any CPU
		Release|Any CPU = Release|Any CPU
	EndGlobalSection
	GlobalSection(ProjectConfigurationPlatforms) = postSolution
		{C682B6D1-8071-403C-A3C0-FEAF1BE9FC1A}.Debug|Any CPU.ActiveCfg = Debug|Any CPU
		{C682B6D1-8071-403C-A3C0-FEAF1BE9FC1A}.Debug|Any CPU.Build.0 = Debug|Any CPU
		{C682B6D1-8071-403C-A3C0-FEAF1BE9FC1A}.Release|Any CPU.ActiveCfg = Release|Any CPU
		{C682B6D1-8071-403C-A3C0-FEAF1BE9FC1A}.Release|Any CPU.Build.0 = Release|Any CPU
	EndGlobalSection
	GlobalSection(SolutionProperties) = preSolution
		HideSolutionNode = FALSE
	EndGlobalSection
	GlobalSection(ExtensibilityGlobals) = postSolution
		SolutionGuid = {ADFAC894-6040-4EE3-95ED-CA0222D66602}
	EndGlobalSection
EndGlobal
