
Microsoft Visual Studio Solution File, Format Version 12.00
# Visual Studio Version 17
VisualStudioVersion = 17.4.33403.182
MinimumVisualStudioVersion = 10.0.40219.1
Project("{FAE04EC0-301F-11D3-BF4B-00C04F79EFBC}") = "04_Hands-on_Activity_2", "04_Hands-on_Activity_2\04_Hands-on_Activity_2.csproj", "{724B6C6E-4AA3-49D2-A611-46D21FBF76D4}"
EndProject
Global
	GlobalSection(SolutionConfigurationPlatforms) = preSolution
		Debug|Any CPU = Debug|Any CPU
		Release|Any CPU = Release|Any CPU
	EndGlobalSection
	GlobalSection(ProjectConfigurationPlatforms) = postSolution
		{724B6C6E-4AA3-49D2-A611-46D21FBF76D4}.Debug|Any CPU.ActiveCfg = Debug|Any CPU
		{724B6C6E-4AA3-49D2-A611-46D21FBF76D4}.Debug|Any CPU.Build.0 = Debug|Any CPU
		{724B6C6E-4AA3-49D2-A611-46D21FBF76D4}.Release|Any CPU.ActiveCfg = Release|Any CPU
		{724B6C6E-4AA3-49D2-A611-46D21FBF76D4}.Release|Any CPU.Build.0 = Release|Any CPU
	EndGlobalSection
	GlobalSection(SolutionProperties) = preSolution
		HideSolutionNode = FALSE
	EndGlobalSection
	GlobalSection(ExtensibilityGlobals) = postSolution
		SolutionGuid = {D312C617-22BF-4620-9019-49E9D66A2C8E}
	EndGlobalSection
EndGlobal
