
Microsoft Visual Studio Solution File, Format Version 12.00
# Visual Studio Version 17
VisualStudioVersion = 17.4.33403.182
MinimumVisualStudioVersion = 10.0.40219.1
Project("{FAE04EC0-301F-11D3-BF4B-00C04F79EFBC}") = "11_Task_Performance_1", "11_Task_Performance_1\11_Task_Performance_1.csproj", "{C14E4CE2-7400-4FF3-AECB-834D1F969F6B}"
EndProject
Global
	GlobalSection(SolutionConfigurationPlatforms) = preSolution
		Debug|Any CPU = Debug|Any CPU
		Release|Any CPU = Release|Any CPU
	EndGlobalSection
	GlobalSection(ProjectConfigurationPlatforms) = postSolution
		{C14E4CE2-7400-4FF3-AECB-834D1F969F6B}.Debug|Any CPU.ActiveCfg = Debug|Any CPU
		{C14E4CE2-7400-4FF3-AECB-834D1F969F6B}.Debug|Any CPU.Build.0 = Debug|Any CPU
		{C14E4CE2-7400-4FF3-AECB-834D1F969F6B}.Release|Any CPU.ActiveCfg = Release|Any CPU
		{C14E4CE2-7400-4FF3-AECB-834D1F969F6B}.Release|Any CPU.Build.0 = Release|Any CPU
	EndGlobalSection
	GlobalSection(SolutionProperties) = preSolution
		HideSolutionNode = FALSE
	EndGlobalSection
	GlobalSection(ExtensibilityGlobals) = postSolution
		SolutionGuid = {30F4ADB8-70CE-40D9-AC41-3F6150926533}
	EndGlobalSection
EndGlobal
