
Microsoft Visual Studio Solution File, Format Version 12.00
# Visual Studio Version 17
VisualStudioVersion = 17.4.33403.182
MinimumVisualStudioVersion = 10.0.40219.1
Project("{FAE04EC0-301F-11D3-BF4B-00C04F79EFBC}") = "08_Task_Performance_1", "08_Task_Performance_1\08_Task_Performance_1.csproj", "{CCACEF50-C635-49DA-BDCB-17E0D3EBD00B}"
EndProject
Global
	GlobalSection(SolutionConfigurationPlatforms) = preSolution
		Debug|Any CPU = Debug|Any CPU
		Release|Any CPU = Release|Any CPU
	EndGlobalSection
	GlobalSection(ProjectConfigurationPlatforms) = postSolution
		{CCACEF50-C635-49DA-BDCB-17E0D3EBD00B}.Debug|Any CPU.ActiveCfg = Debug|Any CPU
		{CCACEF50-C635-49DA-BDCB-17E0D3EBD00B}.Debug|Any CPU.Build.0 = Debug|Any CPU
		{CCACEF50-C635-49DA-BDCB-17E0D3EBD00B}.Release|Any CPU.ActiveCfg = Release|Any CPU
		{CCACEF50-C635-49DA-BDCB-17E0D3EBD00B}.Release|Any CPU.Build.0 = Release|Any CPU
	EndGlobalSection
	GlobalSection(SolutionProperties) = preSolution
		HideSolutionNode = FALSE
	EndGlobalSection
	GlobalSection(ExtensibilityGlobals) = postSolution
		SolutionGuid = {1679C3E5-7107-4AFD-9585-BAB0EC0FB16B}
	EndGlobalSection
EndGlobal
