
Microsoft Visual Studio Solution File, Format Version 12.00
# Visual Studio Version 17
VisualStudioVersion = 17.4.33403.182
MinimumVisualStudioVersion = 10.0.40219.1
Project("{FAE04EC0-301F-11D3-BF4B-00C04F79EFBC}") = "13_Hands-on_Activity_1", "13_Hands-on_Activity_1\13_Hands-on_Activity_1.csproj", "{21FF5479-1EA3-4251-9191-3833AC5202CD}"
EndProject
Global
	GlobalSection(SolutionConfigurationPlatforms) = preSolution
		Debug|Any CPU = Debug|Any CPU
		Release|Any CPU = Release|Any CPU
	EndGlobalSection
	GlobalSection(ProjectConfigurationPlatforms) = postSolution
		{21FF5479-1EA3-4251-9191-3833AC5202CD}.Debug|Any CPU.ActiveCfg = Debug|Any CPU
		{21FF5479-1EA3-4251-9191-3833AC5202CD}.Debug|Any CPU.Build.0 = Debug|Any CPU
		{21FF5479-1EA3-4251-9191-3833AC5202CD}.Release|Any CPU.ActiveCfg = Release|Any CPU
		{21FF5479-1EA3-4251-9191-3833AC5202CD}.Release|Any CPU.Build.0 = Release|Any CPU
	EndGlobalSection
	GlobalSection(SolutionProperties) = preSolution
		HideSolutionNode = FALSE
	EndGlobalSection
	GlobalSection(ExtensibilityGlobals) = postSolution
		SolutionGuid = {BBEF4C41-5B5A-4DA5-8DBA-831CC1E485CF}
	EndGlobalSection
EndGlobal
