
Microsoft Visual Studio Solution File, Format Version 12.00
# Visual Studio Version 17
VisualStudioVersion = 17.4.33403.182
MinimumVisualStudioVersion = 10.0.40219.1
Project("{FAE04EC0-301F-11D3-BF4B-00C04F79EFBC}") = "12_Hands-on_Activity_2", "12_Hands-on_Activity_2\12_Hands-on_Activity_2.csproj", "{1C10FC44-8892-4953-8D17-3FC5C5A27F82}"
EndProject
Global
	GlobalSection(SolutionConfigurationPlatforms) = preSolution
		Debug|Any CPU = Debug|Any CPU
		Release|Any CPU = Release|Any CPU
	EndGlobalSection
	GlobalSection(ProjectConfigurationPlatforms) = postSolution
		{1C10FC44-8892-4953-8D17-3FC5C5A27F82}.Debug|Any CPU.ActiveCfg = Debug|Any CPU
		{1C10FC44-8892-4953-8D17-3FC5C5A27F82}.Debug|Any CPU.Build.0 = Debug|Any CPU
		{1C10FC44-8892-4953-8D17-3FC5C5A27F82}.Release|Any CPU.ActiveCfg = Release|Any CPU
		{1C10FC44-8892-4953-8D17-3FC5C5A27F82}.Release|Any CPU.Build.0 = Release|Any CPU
	EndGlobalSection
	GlobalSection(SolutionProperties) = preSolution
		HideSolutionNode = FALSE
	EndGlobalSection
	GlobalSection(ExtensibilityGlobals) = postSolution
		SolutionGuid = {7C88FD00-D29E-4ABE-A5D9-725FAA6B97EA}
	EndGlobalSection
EndGlobal
